
Microsoft Visual Studio Solution File, Format Version 12.00
# Visual Studio 15
VisualStudioVersion = 15.0.27130.2026
MinimumVisualStudioVersion = 10.0.40219.1
Project("{FAE04EC0-301F-11D3-BF4B-00C04F79EFBC}") = "ApiMiddleware", "src\ApiMiddleware\ApiMiddleware.csproj", "{DB1D70F4-81D5-4790-91C3-8D15BAFFF353}"
EndProject
Project("{FAE04EC0-301F-11D3-BF4B-00C04F79EFBC}") = "ApiExtensions", "src\ApiExtensions\ApiExtensions.csproj", "{236F42EE-A325-4185-9DE0-A7BF33366306}"
EndProject
Project("{FAE04EC0-301F-11D3-BF4B-00C04F79EFBC}") = "ApiTypes", "src\ApiTypes\ApiTypes.csproj", "{6DDD3894-3BE5-4D83-8E91-C966A9044F9C}"
EndProject
Global
	GlobalSection(SolutionConfigurationPlatforms) = preSolution
		Debug|Any CPU = Debug|Any CPU
		Release|Any CPU = Release|Any CPU
	EndGlobalSection
	GlobalSection(ProjectConfigurationPlatforms) = postSolution
		{DB1D70F4-81D5-4790-91C3-8D15BAFFF353}.Debug|Any CPU.ActiveCfg = Debug|Any CPU
		{DB1D70F4-81D5-4790-91C3-8D15BAFFF353}.Debug|Any CPU.Build.0 = Debug|Any CPU
		{DB1D70F4-81D5-4790-91C3-8D15BAFFF353}.Release|Any CPU.ActiveCfg = Release|Any CPU
		{DB1D70F4-81D5-4790-91C3-8D15BAFFF353}.Release|Any CPU.Build.0 = Release|Any CPU
		{236F42EE-A325-4185-9DE0-A7BF33366306}.Debug|Any CPU.ActiveCfg = Debug|Any CPU
		{236F42EE-A325-4185-9DE0-A7BF33366306}.Debug|Any CPU.Build.0 = Debug|Any CPU
		{236F42EE-A325-4185-9DE0-A7BF33366306}.Release|Any CPU.ActiveCfg = Release|Any CPU
		{236F42EE-A325-4185-9DE0-A7BF33366306}.Release|Any CPU.Build.0 = Release|Any CPU
		{6DDD3894-3BE5-4D83-8E91-C966A9044F9C}.Debug|Any CPU.ActiveCfg = Debug|Any CPU
		{6DDD3894-3BE5-4D83-8E91-C966A9044F9C}.Debug|Any CPU.Build.0 = Debug|Any CPU
		{6DDD3894-3BE5-4D83-8E91-C966A9044F9C}.Release|Any CPU.ActiveCfg = Release|Any CPU
		{6DDD3894-3BE5-4D83-8E91-C966A9044F9C}.Release|Any CPU.Build.0 = Release|Any CPU
	EndGlobalSection
	GlobalSection(SolutionProperties) = preSolution
		HideSolutionNode = FALSE
	EndGlobalSection
	GlobalSection(ExtensibilityGlobals) = postSolution
		SolutionGuid = {452CC8DF-9FE2-4D84-A305-83F09CE4423F}
	EndGlobalSection
EndGlobal
